
Microsoft Visual Studio Solution File, Format Version 12.00
# Visual Studio Version 16
VisualStudioVersion = 16.0.30114.105
MinimumVisualStudioVersion = 10.0.40219.1
Project("{9A19103F-16F7-4668-BE54-9A1E7A4F7556}") = "TbkIsmpContracts", "TbkIsmpContracts\TbkIsmpContracts.csproj", "{0FBC3C3B-BBE4-432E-AFCF-BDE26D2DE240}"
EndProject
Project("{9A19103F-16F7-4668-BE54-9A1E7A4F7556}") = "TbkIsmpCrpt", "TbkIsmpCrpt\TbkIsmpCrpt.csproj", "{94F82B9C-2E3B-4364-AA0E-96630E6BF616}"
EndProject
Project("{9A19103F-16F7-4668-BE54-9A1E7A4F7556}") = "TbkSigner", "TbkSigner\TbkSigner.csproj", "{E4734508-7B9B-4B79-8E87-ABF901BE3CB4}"
EndProject
Project("{9A19103F-16F7-4668-BE54-9A1E7A4F7556}") = "TbkSignerContracts", "TbkSignerContracts\TbkSignerContracts.csproj", "{C2BED862-060A-443C-BC11-987236241DC9}"
EndProject
Project("{9A19103F-16F7-4668-BE54-9A1E7A4F7556}") = "TbkTest", "TbkTest\TbkTest.csproj", "{0DE798AD-A3B5-4FBA-8FA2-1EF8B5181A4F}"
EndProject
Project("{FAE04EC0-301F-11D3-BF4B-00C04F79EFBC}") = "TbkIsmpCrptApi", "TbkIsmpCrptApi\TbkIsmpCrptApi.csproj", "{C75CF8B1-7D66-40DD-A49B-733F6BE7D1FC}"
EndProject
Global
	GlobalSection(SolutionConfigurationPlatforms) = preSolution
		Debug|Any CPU = Debug|Any CPU
		Debug|x64 = Debug|x64
		Debug|x86 = Debug|x86
		Release|Any CPU = Release|Any CPU
		Release|x64 = Release|x64
		Release|x86 = Release|x86
	EndGlobalSection
	GlobalSection(ProjectConfigurationPlatforms) = postSolution
		{0FBC3C3B-BBE4-432E-AFCF-BDE26D2DE240}.Debug|Any CPU.ActiveCfg = Debug|Any CPU
		{0FBC3C3B-BBE4-432E-AFCF-BDE26D2DE240}.Debug|Any CPU.Build.0 = Debug|Any CPU
		{0FBC3C3B-BBE4-432E-AFCF-BDE26D2DE240}.Debug|x64.ActiveCfg = Debug|Any CPU
		{0FBC3C3B-BBE4-432E-AFCF-BDE26D2DE240}.Debug|x64.Build.0 = Debug|Any CPU
		{0FBC3C3B-BBE4-432E-AFCF-BDE26D2DE240}.Debug|x86.ActiveCfg = Debug|Any CPU
		{0FBC3C3B-BBE4-432E-AFCF-BDE26D2DE240}.Debug|x86.Build.0 = Debug|Any CPU
		{0FBC3C3B-BBE4-432E-AFCF-BDE26D2DE240}.Release|Any CPU.ActiveCfg = Release|Any CPU
		{0FBC3C3B-BBE4-432E-AFCF-BDE26D2DE240}.Release|Any CPU.Build.0 = Release|Any CPU
		{0FBC3C3B-BBE4-432E-AFCF-BDE26D2DE240}.Release|x64.ActiveCfg = Release|Any CPU
		{0FBC3C3B-BBE4-432E-AFCF-BDE26D2DE240}.Release|x64.Build.0 = Release|Any CPU
		{0FBC3C3B-BBE4-432E-AFCF-BDE26D2DE240}.Release|x86.ActiveCfg = Release|Any CPU
		{0FBC3C3B-BBE4-432E-AFCF-BDE26D2DE240}.Release|x86.Build.0 = Release|Any CPU
		{94F82B9C-2E3B-4364-AA0E-96630E6BF616}.Debug|Any CPU.ActiveCfg = Debug|Any CPU
		{94F82B9C-2E3B-4364-AA0E-96630E6BF616}.Debug|Any CPU.Build.0 = Debug|Any CPU
		{94F82B9C-2E3B-4364-AA0E-96630E6BF616}.Debug|x64.ActiveCfg = Debug|Any CPU
		{94F82B9C-2E3B-4364-AA0E-96630E6BF616}.Debug|x64.Build.0 = Debug|Any CPU
		{94F82B9C-2E3B-4364-AA0E-96630E6BF616}.Debug|x86.ActiveCfg = Debug|Any CPU
		{94F82B9C-2E3B-4364-AA0E-96630E6BF616}.Debug|x86.Build.0 = Debug|Any CPU
		{94F82B9C-2E3B-4364-AA0E-96630E6BF616}.Release|Any CPU.ActiveCfg = Release|Any CPU
		{94F82B9C-2E3B-4364-AA0E-96630E6BF616}.Release|Any CPU.Build.0 = Release|Any CPU
		{94F82B9C-2E3B-4364-AA0E-96630E6BF616}.Release|x64.ActiveCfg = Release|Any CPU
		{94F82B9C-2E3B-4364-AA0E-96630E6BF616}.Release|x64.Build.0 = Release|Any CPU
		{94F82B9C-2E3B-4364-AA0E-96630E6BF616}.Release|x86.ActiveCfg = Release|Any CPU
		{94F82B9C-2E3B-4364-AA0E-96630E6BF616}.Release|x86.Build.0 = Release|Any CPU
		{E4734508-7B9B-4B79-8E87-ABF901BE3CB4}.Debug|Any CPU.ActiveCfg = Debug|Any CPU
		{E4734508-7B9B-4B79-8E87-ABF901BE3CB4}.Debug|Any CPU.Build.0 = Debug|Any CPU
		{E4734508-7B9B-4B79-8E87-ABF901BE3CB4}.Debug|x64.ActiveCfg = Debug|Any CPU
		{E4734508-7B9B-4B79-8E87-ABF901BE3CB4}.Debug|x64.Build.0 = Debug|Any CPU
		{E4734508-7B9B-4B79-8E87-ABF901BE3CB4}.Debug|x86.ActiveCfg = Debug|Any CPU
		{E4734508-7B9B-4B79-8E87-ABF901BE3CB4}.Debug|x86.Build.0 = Debug|Any CPU
		{E4734508-7B9B-4B79-8E87-ABF901BE3CB4}.Release|Any CPU.ActiveCfg = Release|Any CPU
		{E4734508-7B9B-4B79-8E87-ABF901BE3CB4}.Release|Any CPU.Build.0 = Release|Any CPU
		{E4734508-7B9B-4B79-8E87-ABF901BE3CB4}.Release|x64.ActiveCfg = Release|Any CPU
		{E4734508-7B9B-4B79-8E87-ABF901BE3CB4}.Release|x64.Build.0 = Release|Any CPU
		{E4734508-7B9B-4B79-8E87-ABF901BE3CB4}.Release|x86.ActiveCfg = Release|Any CPU
		{E4734508-7B9B-4B79-8E87-ABF901BE3CB4}.Release|x86.Build.0 = Release|Any CPU
		{C2BED862-060A-443C-BC11-987236241DC9}.Debug|Any CPU.ActiveCfg = Debug|Any CPU
		{C2BED862-060A-443C-BC11-987236241DC9}.Debug|Any CPU.Build.0 = Debug|Any CPU
		{C2BED862-060A-443C-BC11-987236241DC9}.Debug|x64.ActiveCfg = Debug|Any CPU
		{C2BED862-060A-443C-BC11-987236241DC9}.Debug|x64.Build.0 = Debug|Any CPU
		{C2BED862-060A-443C-BC11-987236241DC9}.Debug|x86.ActiveCfg = Debug|Any CPU
		{C2BED862-060A-443C-BC11-987236241DC9}.Debug|x86.Build.0 = Debug|Any CPU
		{C2BED862-060A-443C-BC11-987236241DC9}.Release|Any CPU.ActiveCfg = Release|Any CPU
		{C2BED862-060A-443C-BC11-987236241DC9}.Release|Any CPU.Build.0 = Release|Any CPU
		{C2BED862-060A-443C-BC11-987236241DC9}.Release|x64.ActiveCfg = Release|Any CPU
		{C2BED862-060A-443C-BC11-987236241DC9}.Release|x64.Build.0 = Release|Any CPU
		{C2BED862-060A-443C-BC11-987236241DC9}.Release|x86.ActiveCfg = Release|Any CPU
		{C2BED862-060A-443C-BC11-987236241DC9}.Release|x86.Build.0 = Release|Any CPU
		{0DE798AD-A3B5-4FBA-8FA2-1EF8B5181A4F}.Debug|Any CPU.ActiveCfg = Debug|Any CPU
		{0DE798AD-A3B5-4FBA-8FA2-1EF8B5181A4F}.Debug|Any CPU.Build.0 = Debug|Any CPU
		{0DE798AD-A3B5-4FBA-8FA2-1EF8B5181A4F}.Debug|x64.ActiveCfg = Debug|Any CPU
		{0DE798AD-A3B5-4FBA-8FA2-1EF8B5181A4F}.Debug|x64.Build.0 = Debug|Any CPU
		{0DE798AD-A3B5-4FBA-8FA2-1EF8B5181A4F}.Debug|x86.ActiveCfg = Debug|Any CPU
		{0DE798AD-A3B5-4FBA-8FA2-1EF8B5181A4F}.Debug|x86.Build.0 = Debug|Any CPU
		{0DE798AD-A3B5-4FBA-8FA2-1EF8B5181A4F}.Release|Any CPU.ActiveCfg = Release|Any CPU
		{0DE798AD-A3B5-4FBA-8FA2-1EF8B5181A4F}.Release|Any CPU.Build.0 = Release|Any CPU
		{0DE798AD-A3B5-4FBA-8FA2-1EF8B5181A4F}.Release|x64.ActiveCfg = Release|Any CPU
		{0DE798AD-A3B5-4FBA-8FA2-1EF8B5181A4F}.Release|x64.Build.0 = Release|Any CPU
		{0DE798AD-A3B5-4FBA-8FA2-1EF8B5181A4F}.Release|x86.ActiveCfg = Release|Any CPU
		{0DE798AD-A3B5-4FBA-8FA2-1EF8B5181A4F}.Release|x86.Build.0 = Release|Any CPU
		{C75CF8B1-7D66-40DD-A49B-733F6BE7D1FC}.Debug|Any CPU.ActiveCfg = Debug|Any CPU
		{C75CF8B1-7D66-40DD-A49B-733F6BE7D1FC}.Debug|Any CPU.Build.0 = Debug|Any CPU
		{C75CF8B1-7D66-40DD-A49B-733F6BE7D1FC}.Debug|x64.ActiveCfg = Debug|Any CPU
		{C75CF8B1-7D66-40DD-A49B-733F6BE7D1FC}.Debug|x64.Build.0 = Debug|Any CPU
		{C75CF8B1-7D66-40DD-A49B-733F6BE7D1FC}.Debug|x86.ActiveCfg = Debug|Any CPU
		{C75CF8B1-7D66-40DD-A49B-733F6BE7D1FC}.Debug|x86.Build.0 = Debug|Any CPU
		{C75CF8B1-7D66-40DD-A49B-733F6BE7D1FC}.Release|Any CPU.ActiveCfg = Release|Any CPU
		{C75CF8B1-7D66-40DD-A49B-733F6BE7D1FC}.Release|Any CPU.Build.0 = Release|Any CPU
		{C75CF8B1-7D66-40DD-A49B-733F6BE7D1FC}.Release|x64.ActiveCfg = Release|Any CPU
		{C75CF8B1-7D66-40DD-A49B-733F6BE7D1FC}.Release|x64.Build.0 = Release|Any CPU
		{C75CF8B1-7D66-40DD-A49B-733F6BE7D1FC}.Release|x86.ActiveCfg = Release|Any CPU
		{C75CF8B1-7D66-40DD-A49B-733F6BE7D1FC}.Release|x86.Build.0 = Release|Any CPU
	EndGlobalSection
	GlobalSection(SolutionProperties) = preSolution
		HideSolutionNode = FALSE
	EndGlobalSection
	GlobalSection(ExtensibilityGlobals) = postSolution
		SolutionGuid = {D149EA80-F416-44CE-A1F2-CFDCCC4051D8}
	EndGlobalSection
EndGlobal
