
Microsoft Visual Studio Solution File, Format Version 12.00
# Visual Studio Version 17
VisualStudioVersion = 17.5.33627.172
MinimumVisualStudioVersion = 10.0.40219.1
Project("{D2ABAB84-BF74-430A-B69E-9DC6D40DDA17}") = "olap_tbk", "olap_tbk.dwproj", "{E21C9F6C-A7F6-4809-BF57-EC02FB497895}"
EndProject
Global
	GlobalSection(SolutionConfigurationPlatforms) = preSolution
		Development|Default = Development|Default
	EndGlobalSection
	GlobalSection(ProjectConfigurationPlatforms) = postSolution
		{E21C9F6C-A7F6-4809-BF57-EC02FB497895}.Development|Default.ActiveCfg = Development
		{E21C9F6C-A7F6-4809-BF57-EC02FB497895}.Development|Default.Build.0 = Development
		{E21C9F6C-A7F6-4809-BF57-EC02FB497895}.Development|Default.Deploy.0 = Development
	EndGlobalSection
	GlobalSection(SolutionProperties) = preSolution
		HideSolutionNode = FALSE
	EndGlobalSection
	GlobalSection(ExtensibilityGlobals) = postSolution
		SolutionGuid = {57C5CF54-570D-42BE-9C36-DF193B1042FB}
	EndGlobalSection
EndGlobal
