
Microsoft Visual Studio Solution File, Format Version 12.00
# Visual Studio Version 16
VisualStudioVersion = 16.0.30413.136
MinimumVisualStudioVersion = 15.0.26124.0
Project("{9A19103F-16F7-4668-BE54-9A1E7A4F7556}") = "Tabakon.Entity", "Tabakon.Entity\Tabakon.Entity.csproj", "{39A47C89-CC94-4965-88A7-FE9BF8D3BDB3}"
EndProject
Project("{9A19103F-16F7-4668-BE54-9A1E7A4F7556}") = "Tabakon.DAL", "Tabakon.DAL\Tabakon.DAL.csproj", "{2294A8E8-1FE3-419B-A860-513C835E5562}"
EndProject
Project("{9A19103F-16F7-4668-BE54-9A1E7A4F7556}") = "Tabakon.DALMigration", "Tabakon.DALMigration\Tabakon.DALMigration.csproj", "{ED7708D9-B09F-411B-84E8-3DD01F672FEB}"
EndProject
Project("{9A19103F-16F7-4668-BE54-9A1E7A4F7556}") = "RetailClient.Web", "RetailClient.Web\RetailClient.Web.csproj", "{64D22499-F5E9-41CD-A59E-DDF0A9F57CFB}"
EndProject
Project("{9A19103F-16F7-4668-BE54-9A1E7A4F7556}") = "RetailClient", "RetailClient\RetailClient.csproj", "{90806312-EBB8-4494-91A2-35B3E050C803}"
EndProject
Project("{9A19103F-16F7-4668-BE54-9A1E7A4F7556}") = "RetailClientTests", "RetailClientTests\RetailClientTests.csproj", "{588D3396-68BE-4BE0-8202-8ED9EABE6612}"
EndProject
Project("{9A19103F-16F7-4668-BE54-9A1E7A4F7556}") = "RetailClient.Worker", "RetailClient.Worker\RetailClient.Worker.csproj", "{4C84ABD0-D608-485D-AB8E-CBC017C4DFA0}"
EndProject
Global
	GlobalSection(SolutionConfigurationPlatforms) = preSolution
		Debug|Any CPU = Debug|Any CPU
		Debug|x64 = Debug|x64
		Debug|x86 = Debug|x86
		Release|Any CPU = Release|Any CPU
		Release|x64 = Release|x64
		Release|x86 = Release|x86
	EndGlobalSection
	GlobalSection(ProjectConfigurationPlatforms) = postSolution
		{39A47C89-CC94-4965-88A7-FE9BF8D3BDB3}.Debug|Any CPU.ActiveCfg = Debug|Any CPU
		{39A47C89-CC94-4965-88A7-FE9BF8D3BDB3}.Debug|Any CPU.Build.0 = Debug|Any CPU
		{39A47C89-CC94-4965-88A7-FE9BF8D3BDB3}.Debug|x64.ActiveCfg = Debug|Any CPU
		{39A47C89-CC94-4965-88A7-FE9BF8D3BDB3}.Debug|x64.Build.0 = Debug|Any CPU
		{39A47C89-CC94-4965-88A7-FE9BF8D3BDB3}.Debug|x86.ActiveCfg = Debug|Any CPU
		{39A47C89-CC94-4965-88A7-FE9BF8D3BDB3}.Debug|x86.Build.0 = Debug|Any CPU
		{39A47C89-CC94-4965-88A7-FE9BF8D3BDB3}.Release|Any CPU.ActiveCfg = Release|Any CPU
		{39A47C89-CC94-4965-88A7-FE9BF8D3BDB3}.Release|Any CPU.Build.0 = Release|Any CPU
		{39A47C89-CC94-4965-88A7-FE9BF8D3BDB3}.Release|x64.ActiveCfg = Release|Any CPU
		{39A47C89-CC94-4965-88A7-FE9BF8D3BDB3}.Release|x64.Build.0 = Release|Any CPU
		{39A47C89-CC94-4965-88A7-FE9BF8D3BDB3}.Release|x86.ActiveCfg = Release|Any CPU
		{39A47C89-CC94-4965-88A7-FE9BF8D3BDB3}.Release|x86.Build.0 = Release|Any CPU
		{2294A8E8-1FE3-419B-A860-513C835E5562}.Debug|Any CPU.ActiveCfg = Debug|Any CPU
		{2294A8E8-1FE3-419B-A860-513C835E5562}.Debug|Any CPU.Build.0 = Debug|Any CPU
		{2294A8E8-1FE3-419B-A860-513C835E5562}.Debug|x64.ActiveCfg = Debug|Any CPU
		{2294A8E8-1FE3-419B-A860-513C835E5562}.Debug|x64.Build.0 = Debug|Any CPU
		{2294A8E8-1FE3-419B-A860-513C835E5562}.Debug|x86.ActiveCfg = Debug|Any CPU
		{2294A8E8-1FE3-419B-A860-513C835E5562}.Debug|x86.Build.0 = Debug|Any CPU
		{2294A8E8-1FE3-419B-A860-513C835E5562}.Release|Any CPU.ActiveCfg = Release|Any CPU
		{2294A8E8-1FE3-419B-A860-513C835E5562}.Release|Any CPU.Build.0 = Release|Any CPU
		{2294A8E8-1FE3-419B-A860-513C835E5562}.Release|x64.ActiveCfg = Release|Any CPU
		{2294A8E8-1FE3-419B-A860-513C835E5562}.Release|x64.Build.0 = Release|Any CPU
		{2294A8E8-1FE3-419B-A860-513C835E5562}.Release|x86.ActiveCfg = Release|Any CPU
		{2294A8E8-1FE3-419B-A860-513C835E5562}.Release|x86.Build.0 = Release|Any CPU
		{ED7708D9-B09F-411B-84E8-3DD01F672FEB}.Debug|Any CPU.ActiveCfg = Debug|Any CPU
		{ED7708D9-B09F-411B-84E8-3DD01F672FEB}.Debug|Any CPU.Build.0 = Debug|Any CPU
		{ED7708D9-B09F-411B-84E8-3DD01F672FEB}.Debug|x64.ActiveCfg = Debug|Any CPU
		{ED7708D9-B09F-411B-84E8-3DD01F672FEB}.Debug|x64.Build.0 = Debug|Any CPU
		{ED7708D9-B09F-411B-84E8-3DD01F672FEB}.Debug|x86.ActiveCfg = Debug|Any CPU
		{ED7708D9-B09F-411B-84E8-3DD01F672FEB}.Debug|x86.Build.0 = Debug|Any CPU
		{ED7708D9-B09F-411B-84E8-3DD01F672FEB}.Release|Any CPU.ActiveCfg = Release|Any CPU
		{ED7708D9-B09F-411B-84E8-3DD01F672FEB}.Release|Any CPU.Build.0 = Release|Any CPU
		{ED7708D9-B09F-411B-84E8-3DD01F672FEB}.Release|x64.ActiveCfg = Release|Any CPU
		{ED7708D9-B09F-411B-84E8-3DD01F672FEB}.Release|x64.Build.0 = Release|Any CPU
		{ED7708D9-B09F-411B-84E8-3DD01F672FEB}.Release|x86.ActiveCfg = Release|Any CPU
		{ED7708D9-B09F-411B-84E8-3DD01F672FEB}.Release|x86.Build.0 = Release|Any CPU
		{64D22499-F5E9-41CD-A59E-DDF0A9F57CFB}.Debug|Any CPU.ActiveCfg = Debug|Any CPU
		{64D22499-F5E9-41CD-A59E-DDF0A9F57CFB}.Debug|Any CPU.Build.0 = Debug|Any CPU
		{64D22499-F5E9-41CD-A59E-DDF0A9F57CFB}.Debug|x64.ActiveCfg = Debug|Any CPU
		{64D22499-F5E9-41CD-A59E-DDF0A9F57CFB}.Debug|x64.Build.0 = Debug|Any CPU
		{64D22499-F5E9-41CD-A59E-DDF0A9F57CFB}.Debug|x86.ActiveCfg = Debug|Any CPU
		{64D22499-F5E9-41CD-A59E-DDF0A9F57CFB}.Debug|x86.Build.0 = Debug|Any CPU
		{64D22499-F5E9-41CD-A59E-DDF0A9F57CFB}.Release|Any CPU.ActiveCfg = Release|Any CPU
		{64D22499-F5E9-41CD-A59E-DDF0A9F57CFB}.Release|Any CPU.Build.0 = Release|Any CPU
		{64D22499-F5E9-41CD-A59E-DDF0A9F57CFB}.Release|x64.ActiveCfg = Release|Any CPU
		{64D22499-F5E9-41CD-A59E-DDF0A9F57CFB}.Release|x64.Build.0 = Release|Any CPU
		{64D22499-F5E9-41CD-A59E-DDF0A9F57CFB}.Release|x86.ActiveCfg = Release|Any CPU
		{64D22499-F5E9-41CD-A59E-DDF0A9F57CFB}.Release|x86.Build.0 = Release|Any CPU
		{90806312-EBB8-4494-91A2-35B3E050C803}.Debug|Any CPU.ActiveCfg = Debug|Any CPU
		{90806312-EBB8-4494-91A2-35B3E050C803}.Debug|Any CPU.Build.0 = Debug|Any CPU
		{90806312-EBB8-4494-91A2-35B3E050C803}.Debug|x64.ActiveCfg = Debug|Any CPU
		{90806312-EBB8-4494-91A2-35B3E050C803}.Debug|x64.Build.0 = Debug|Any CPU
		{90806312-EBB8-4494-91A2-35B3E050C803}.Debug|x86.ActiveCfg = Debug|Any CPU
		{90806312-EBB8-4494-91A2-35B3E050C803}.Debug|x86.Build.0 = Debug|Any CPU
		{90806312-EBB8-4494-91A2-35B3E050C803}.Release|Any CPU.ActiveCfg = Release|Any CPU
		{90806312-EBB8-4494-91A2-35B3E050C803}.Release|Any CPU.Build.0 = Release|Any CPU
		{90806312-EBB8-4494-91A2-35B3E050C803}.Release|x64.ActiveCfg = Release|Any CPU
		{90806312-EBB8-4494-91A2-35B3E050C803}.Release|x64.Build.0 = Release|Any CPU
		{90806312-EBB8-4494-91A2-35B3E050C803}.Release|x86.ActiveCfg = Release|Any CPU
		{90806312-EBB8-4494-91A2-35B3E050C803}.Release|x86.Build.0 = Release|Any CPU
		{588D3396-68BE-4BE0-8202-8ED9EABE6612}.Debug|Any CPU.ActiveCfg = Debug|Any CPU
		{588D3396-68BE-4BE0-8202-8ED9EABE6612}.Debug|Any CPU.Build.0 = Debug|Any CPU
		{588D3396-68BE-4BE0-8202-8ED9EABE6612}.Debug|x64.ActiveCfg = Debug|Any CPU
		{588D3396-68BE-4BE0-8202-8ED9EABE6612}.Debug|x64.Build.0 = Debug|Any CPU
		{588D3396-68BE-4BE0-8202-8ED9EABE6612}.Debug|x86.ActiveCfg = Debug|Any CPU
		{588D3396-68BE-4BE0-8202-8ED9EABE6612}.Debug|x86.Build.0 = Debug|Any CPU
		{588D3396-68BE-4BE0-8202-8ED9EABE6612}.Release|Any CPU.ActiveCfg = Release|Any CPU
		{588D3396-68BE-4BE0-8202-8ED9EABE6612}.Release|Any CPU.Build.0 = Release|Any CPU
		{588D3396-68BE-4BE0-8202-8ED9EABE6612}.Release|x64.ActiveCfg = Release|Any CPU
		{588D3396-68BE-4BE0-8202-8ED9EABE6612}.Release|x64.Build.0 = Release|Any CPU
		{588D3396-68BE-4BE0-8202-8ED9EABE6612}.Release|x86.ActiveCfg = Release|Any CPU
		{588D3396-68BE-4BE0-8202-8ED9EABE6612}.Release|x86.Build.0 = Release|Any CPU
		{4C84ABD0-D608-485D-AB8E-CBC017C4DFA0}.Debug|Any CPU.ActiveCfg = Debug|Any CPU
		{4C84ABD0-D608-485D-AB8E-CBC017C4DFA0}.Debug|Any CPU.Build.0 = Debug|Any CPU
		{4C84ABD0-D608-485D-AB8E-CBC017C4DFA0}.Debug|x64.ActiveCfg = Debug|Any CPU
		{4C84ABD0-D608-485D-AB8E-CBC017C4DFA0}.Debug|x64.Build.0 = Debug|Any CPU
		{4C84ABD0-D608-485D-AB8E-CBC017C4DFA0}.Debug|x86.ActiveCfg = Debug|Any CPU
		{4C84ABD0-D608-485D-AB8E-CBC017C4DFA0}.Debug|x86.Build.0 = Debug|Any CPU
		{4C84ABD0-D608-485D-AB8E-CBC017C4DFA0}.Release|Any CPU.ActiveCfg = Release|Any CPU
		{4C84ABD0-D608-485D-AB8E-CBC017C4DFA0}.Release|Any CPU.Build.0 = Release|Any CPU
		{4C84ABD0-D608-485D-AB8E-CBC017C4DFA0}.Release|x64.ActiveCfg = Release|Any CPU
		{4C84ABD0-D608-485D-AB8E-CBC017C4DFA0}.Release|x64.Build.0 = Release|Any CPU
		{4C84ABD0-D608-485D-AB8E-CBC017C4DFA0}.Release|x86.ActiveCfg = Release|Any CPU
		{4C84ABD0-D608-485D-AB8E-CBC017C4DFA0}.Release|x86.Build.0 = Release|Any CPU
	EndGlobalSection
	GlobalSection(SolutionProperties) = preSolution
		HideSolutionNode = FALSE
	EndGlobalSection
	GlobalSection(ExtensibilityGlobals) = postSolution
		SolutionGuid = {C1568DB6-EC30-4D5E-BA53-629746EC5A4F}
	EndGlobalSection
EndGlobal
