
Microsoft Visual Studio Solution File, Format Version 12.00
# Visual Studio Version 16
VisualStudioVersion = 16.0.30804.86
MinimumVisualStudioVersion = 10.0.40219.1
Project("{D2ABAB84-BF74-430A-B69E-9DC6D40DDA17}") = "tbk", "tbk\tbk.dwproj", "{95CA583C-BDF4-4BE1-A8F7-DFBB7B8DCB0D}"
EndProject
Global
	GlobalSection(SolutionConfigurationPlatforms) = preSolution
		Development|Default = Development|Default
	EndGlobalSection
	GlobalSection(ProjectConfigurationPlatforms) = postSolution
		{95CA583C-BDF4-4BE1-A8F7-DFBB7B8DCB0D}.Development|Default.ActiveCfg = Development
		{95CA583C-BDF4-4BE1-A8F7-DFBB7B8DCB0D}.Development|Default.Build.0 = Development
		{95CA583C-BDF4-4BE1-A8F7-DFBB7B8DCB0D}.Development|Default.Deploy.0 = Development
	EndGlobalSection
	GlobalSection(SolutionProperties) = preSolution
		HideSolutionNode = FALSE
	EndGlobalSection
	GlobalSection(ExtensibilityGlobals) = postSolution
		SolutionGuid = {DA222C76-2B6C-4850-BF61-D7E522D09DD0}
	EndGlobalSection
EndGlobal
